// !$*UTF8*$!
{
	archiveVersion = 1;
	classes = {
	};
	objectVersion = 50;
	objects = {

/* Begin PBXBuildFile section */
		523C61B526918E20009A4512 /* AppDelegate.swift in Sources */ = {isa = PBXBuildFile; fileRef = 523C61B426918E20009A4512 /* AppDelegate.swift */; };
		523C61B726918E20009A4512 /* SceneDelegate.swift in Sources */ = {isa = PBXBuildFile; fileRef = 523C61B626918E20009A4512 /* SceneDelegate.swift */; };
		523C61BC26918E20009A4512 /* Main.storyboard in Resources */ = {isa = PBXBuildFile; fileRef = 523C61BA26918E20009A4512 /* Main.storyboard */; };
		523C61BE26918E29009A4512 /* Assets.xcassets in Resources */ = {isa = PBXBuildFile; fileRef = 523C61BD26918E29009A4512 /* Assets.xcassets */; };
		523C61C126918E29009A4512 /* LaunchScreen.storyboard in Resources */ = {isa = PBXBuildFile; fileRef = 523C61BF26918E29009A4512 /* LaunchScreen.storyboard */; };
		523C61CC26918F88009A4512 /* Extension.swift in Sources */ = {isa = PBXBuildFile; fileRef = 523C61CB26918F88009A4512 /* Extension.swift */; };
		523C61D226919ADE009A4512 /* ImageGestureVC.swift in Sources */ = {isa = PBXBuildFile; fileRef = 523C61D126919ADE009A4512 /* ImageGestureVC.swift */; };
/* End PBXBuildFile section */

/* Begin PBXFileReference section */
		523C61B126918E20009A4512 /* ImaGestures.app */ = {isa = PBXFileReference; explicitFileType = wrapper.application; includeInIndex = 0; path = ImaGestures.app; sourceTree = BUILT_PRODUCTS_DIR; };
		523C61B426918E20009A4512 /* AppDelegate.swift */ = {isa = PBXFileReference; lastKnownFileType = sourcecode.swift; path = AppDelegate.swift; sourceTree = "<group>"; };
		523C61B626918E20009A4512 /* SceneDelegate.swift */ = {isa = PBXFileReference; lastKnownFileType = sourcecode.swift; path = SceneDelegate.swift; sourceTree = "<group>"; };
		523C61BB26918E20009A4512 /* Base */ = {isa = PBXFileReference; lastKnownFileType = file.storyboard; name = Base; path = Base.lproj/Main.storyboard; sourceTree = "<group>"; };
		523C61BD26918E29009A4512 /* Assets.xcassets */ = {isa = PBXFileReference; lastKnownFileType = folder.assetcatalog; path = Assets.xcassets; sourceTree = "<group>"; };
		523C61C026918E29009A4512 /* Base */ = {isa = PBXFileReference; lastKnownFileType = file.storyboard; name = Base; path = Base.lproj/LaunchScreen.storyboard; sourceTree = "<group>"; };
		523C61C226918E29009A4512 /* Info.plist */ = {isa = PBXFileReference; lastKnownFileType = text.plist.xml; path = Info.plist; sourceTree = "<group>"; };
		523C61CB26918F88009A4512 /* Extension.swift */ = {isa = PBXFileReference; lastKnownFileType = sourcecode.swift; path = Extension.swift; sourceTree = "<group>"; };
		523C61D126919ADE009A4512 /* ImageGestureVC.swift */ = {isa = PBXFileReference; lastKnownFileType = sourcecode.swift; path = ImageGestureVC.swift; sourceTree = "<group>"; };
/* End PBXFileReference section */

/* Begin PBXFrameworksBuildPhase section */
		523C61AE26918E20009A4512 /* Frameworks */ = {
			isa = PBXFrameworksBuildPhase;
			buildActionMask = 2147483647;
			files = (
			);
			runOnlyForDeploymentPostprocessing = 0;
		};
/* End PBXFrameworksBuildPhase section */

/* Begin PBXGroup section */
		523C61A826918E20009A4512 = {
			isa = PBXGroup;
			children = (
				523C61B326918E20009A4512 /* ImaGestures */,
				523C61B226918E20009A4512 /* Products */,
			);
			sourceTree = "<group>";
		};
		523C61B226918E20009A4512 /* Products */ = {
			isa = PBXGroup;
			children = (
				523C61B126918E20009A4512 /* ImaGestures.app */,
			);
			name = Products;
			sourceTree = "<group>";
		};
		523C61B326918E20009A4512 /* ImaGestures */ = {
			isa = PBXGroup;
			children = (
				523C61B426918E20009A4512 /* AppDelegate.swift */,
				523C61B626918E20009A4512 /* SceneDelegate.swift */,
				523C61D126919ADE009A4512 /* ImageGestureVC.swift */,
				523C61CB26918F88009A4512 /* Extension.swift */,
				523C61BA26918E20009A4512 /* Main.storyboard */,
				523C61BD26918E29009A4512 /* Assets.xcassets */,
				523C61BF26918E29009A4512 /* LaunchScreen.storyboard */,
				523C61C226918E29009A4512 /* Info.plist */,
			);
			path = ImaGestures;
			sourceTree = "<group>";
		};
/* End PBXGroup section */

/* Begin PBXNativeTarget section */
		523C61B026918E20009A4512 /* ImaGestures */ = {
			isa = PBXNativeTarget;
			buildConfigurationList = 523C61C526918E29009A4512 /* Build configuration list for PBXNativeTarget "ImaGestures" */;
			buildPhases = (
				523C61AD26918E20009A4512 /* Sources */,
				523C61AE26918E20009A4512 /* Frameworks */,
				523C61AF26918E20009A4512 /* Resources */,
			);
			buildRules = (
			);
			dependencies = (
			);
			name = ImaGestures;
			productName = ImaGestures;
			productReference = 523C61B126918E20009A4512 /* ImaGestures.app */;
			productType = "com.apple.product-type.application";
		};
/* End PBXNativeTarget section */

/* Begin PBXProject section */
		523C61A926918E20009A4512 /* Project object */ = {
			isa = PBXProject;
			attributes = {
				LastSwiftUpdateCheck = 1240;
				LastUpgradeCheck = 1240;
				TargetAttributes = {
					523C61B026918E20009A4512 = {
						CreatedOnToolsVersion = 12.4;
					};
				};
			};
			buildConfigurationList = 523C61AC26918E20009A4512 /* Build configuration list for PBXProject "ImaGestures" */;
			compatibilityVersion = "Xcode 9.3";
			developmentRegion = en;
			hasScannedForEncodings = 0;
			knownRegions = (
				en,
				Base,
			);
			mainGroup = 523C61A826918E20009A4512;
			productRefGroup = 523C61B226918E20009A4512 /* Products */;
			projectDirPath = "";
			projectRoot = "";
			targets = (
				523C61B026918E20009A4512 /* ImaGestures */,
			);
		};
/* End PBXProject section */

/* Begin PBXResourcesBuildPhase section */
		523C61AF26918E20009A4512 /* Resources */ = {
			isa = PBXResourcesBuildPhase;
			buildActionMask = 2147483647;
			files = (
				523C61C126918E29009A4512 /* LaunchScreen.storyboard in Resources */,
				523C61BE26918E29009A4512 /* Assets.xcassets in Resources */,
				523C61BC26918E20009A4512 /* Main.storyboard in Resources */,
			);
			runOnlyForDeploymentPostprocessing = 0;
		};
/* End PBXResourcesBuildPhase section */

/* Begin PBXSourcesBuildPhase section */
		523C61AD26918E20009A4512 /* Sources */ = {
			isa = PBXSourcesBuildPhase;
			buildActionMask = 2147483647;
			files = (
				523C61D226919ADE009A4512 /* ImageGestureVC.swift in Sources */,
				523C61B526918E20009A4512 /* AppDelegate.swift in Sources */,
				523C61B726918E20009A4512 /* SceneDelegate.swift in Sources */,
				523C61CC26918F88009A4512 /* Extension.swift in Sources */,
			);
			runOnlyForDeploymentPostprocessing = 0;
		};
/* End PBXSourcesBuildPhase section */

/* Begin PBXVariantGroup section */
		523C61BA26918E20009A4512 /* Main.storyboard */ = {
			isa = PBXVariantGroup;
			children = (
				523C61BB26918E20009A4512 /* Base */,
			);
			name = Main.storyboard;
			sourceTree = "<group>";
		};
		523C61BF26918E29009A4512 /* LaunchScreen.storyboard */ = {
			isa = PBXVariantGroup;
			children = (
				523C61C026918E29009A4512 /* Base */,
			);
			name = LaunchScreen.storyboard;
			sourceTree = "<group>";
		};
/* End PBXVariantGroup section */

/* Begin XCBuildConfiguration section */
		523C61C326918E29009A4512 /* Debug */ = {
			isa = XCBuildConfiguration;
			buildSettings = {
				ALWAYS_SEARCH_USER_PATHS = NO;
				CLANG_ANALYZER_NONNULL = YES;
				CLANG_ANALYZER_NUMBER_OBJECT_CONVERSION = YES_AGGRESSIVE;
				CLANG_CXX_LANGUAGE_STANDARD = "gnu++14";
				CLANG_CXX_LIBRARY = "libc++";
				CLANG_ENABLE_MODULES = YES;
				CLANG_ENABLE_OBJC_ARC = YES;
				CLANG_ENABLE_OBJC_WEAK = YES;
				CLANG_WARN_BLOCK_CAPTURE_AUTORELEASING = YES;
				CLANG_WARN_BOOL_CONVERSION = YES;
				CLANG_WARN_COMMA = YES;
				CLANG_WARN_CONSTANT_CONVERSION = YES;
				CLANG_WARN_DEPRECATED_OBJC_IMPLEMENTATIONS = YES;
				CLANG_WARN_DIRECT_OBJC_ISA_USAGE = YES_ERROR;
				CLANG_WARN_DOCUMENTATION_COMMENTS = YES;
				CLANG_WARN_EMPTY_BODY = YES;
				CLANG_WARN_ENUM_CONVERSION = YES;
				CLANG_WARN_INFINITE_RECURSION = YES;
				CLANG_WARN_INT_CONVERSION = YES;
				CLANG_WARN_NON_LITERAL_NULL_CONVERSION = YES;
				CLANG_WARN_OBJC_IMPLICIT_RETAIN_SELF = YES;
				CLANG_WARN_OBJC_LITERAL_CONVERSION = YES;
				CLANG_WARN_OBJC_ROOT_CLASS = YES_ERROR;
				CLANG_WARN_QUOTED_INCLUDE_IN_FRAMEWORK_HEADER = YES;
				CLANG_WARN_RANGE_LOOP_ANALYSIS = YES;
				CLANG_WARN_STRICT_PROTOTYPES = YES;
				CLANG_WARN_SUSPICIOUS_MOVE = YES;
				CLANG_WARN_UNGUARDED_AVAILABILITY = YES_AGGRESSIVE;
				CLANG_WARN_UNREACHABLE_CODE = YES;
				CLANG_WARN__DUPLICATE_METHOD_MATCH = YES;
				COPY_PHASE_STRIP = NO;
				DEBUG_INFORMATION_FORMAT = dwarf;
				ENABLE_STRICT_OBJC_MSGSEND = YES;
				ENABLE_TESTABILITY = YES;
				GCC_C_LANGUAGE_STANDARD = gnu11;
				GCC_DYNAMIC_NO_PIC = NO;
				GCC_NO_COMMON_BLOCKS = YES;
				GCC_OPTIMIZATION_LEVEL = 0;
				GCC_PREPROCESSOR_DEFINITIONS = (
					"DEBUG=1",
					"$(inherited)",
				);
				GCC_WARN_64_TO_32_BIT_CONVERSION = YES;
				GCC_WARN_ABOUT_RETURN_TYPE = YES_ERROR;
				GCC_WARN_UNDECLARED_SELECTOR = YES;
				GCC_WARN_UNINITIALIZED_AUTOS = YES_AGGRESSIVE;
				GCC_WARN_UNUSED_FUNCTION = YES;
				GCC_WARN_UNUSED_VARIABLE = YES;
				IPHONEOS_DEPLOYMENT_TARGET = 14.4;
				MTL_ENABLE_DEBUG_INFO = INCLUDE_SOURCE;
				MTL_FAST_MATH = YES;
				ONLY_ACTIVE_ARCH = YES;
				SDKROOT = iphoneos;
				SWIFT_ACTIVE_COMPILATION_CONDITIONS = DEBUG;
				SWIFT_OPTIMIZATION_LEVEL = "-Onone";
			};
			name = Debug;
		};
		523C61C426918E29009A4512 /* Release */ = {
			isa = XCBuildConfiguration;
			buildSettings = {
				ALWAYS_SEARCH_USER_PATHS = NO;
				CLANG_ANALYZER_NONNULL = YES;
				CLANG_ANALYZER_NUMBER_OBJECT_CONVERSION = YES_AGGRESSIVE;
				CLANG_CXX_LANGUAGE_STANDARD = "gnu++14";
				CLANG_CXX_LIBRARY = "libc++";
				CLANG_ENABLE_MODULES = YES;
				CLANG_ENABLE_OBJC_ARC = YES;
				CLANG_ENABLE_OBJC_WEAK = YES;
				CLANG_WARN_BLOCK_CAPTURE_AUTORELEASING = YES;
				CLANG_WARN_BOOL_CONVERSION = YES;
				CLANG_WARN_COMMA = YES;
				CLANG_WARN_CONSTANT_CONVERSION = YES;
				CLANG_WARN_DEPRECATED_OBJC_IMPLEMENTATIONS = YES;
				CLANG_WARN_DIRECT_OBJC_ISA_USAGE = YES_ERROR;
				CLANG_WARN_DOCUMENTATION_COMMENTS = YES;
				CLANG_WARN_EMPTY_BODY = YES;
				CLANG_WARN_ENUM_CONVERSION = YES;
				CLANG_WARN_INFINITE_RECURSION = YES;
				CLANG_WARN_INT_CONVERSION = YES;
				CLANG_WARN_NON_LITERAL_NULL_CONVERSION = YES;
				CLANG_WARN_OBJC_IMPLICIT_RETAIN_SELF = YES;
				CLANG_WARN_OBJC_LITERAL_CONVERSION = YES;
				CLANG_WARN_OBJC_ROOT_CLASS = YES_ERROR;
				CLANG_WARN_QUOTED_INCLUDE_IN_FRAMEWORK_HEADER = YES;
				CLANG_WARN_RANGE_LOOP_ANALYSIS = YES;
				CLANG_WARN_STRICT_PROTOTYPES = YES;
				CLANG_WARN_SUSPICIOUS_MOVE = YES;
				CLANG_WARN_UNGUARDED_AVAILABILITY = YES_AGGRESSIVE;
				CLANG_WARN_UNREACHABLE_CODE = YES;
				CLANG_WARN__DUPLICATE_METHOD_MATCH = YES;
				COPY_PHASE_STRIP = NO;
				DEBUG_INFORMATION_FORMAT = "dwarf-with-dsym";
				ENABLE_NS_ASSERTIONS = NO;
				ENABLE_STRICT_OBJC_MSGSEND = YES;
				GCC_C_LANGUAGE_STANDARD = gnu11;
				GCC_NO_COMMON_BLOCKS = YES;
				GCC_WARN_64_TO_32_BIT_CONVERSION = YES;
				GCC_WARN_ABOUT_RETURN_TYPE = YES_ERROR;
				GCC_WARN_UNDECLARED_SELECTOR = YES;
				GCC_WARN_UNINITIALIZED_AUTOS = YES_AGGRESSIVE;
				GCC_WARN_UNUSED_FUNCTION = YES;
				GCC_WARN_UNUSED_VARIABLE = YES;
				IPHONEOS_DEPLOYMENT_TARGET = 14.4;
				MTL_ENABLE_DEBUG_INFO = NO;
				MTL_FAST_MATH = YES;
				SDKROOT = iphoneos;
				SWIFT_COMPILATION_MODE = wholemodule;
				SWIFT_OPTIMIZATION_LEVEL = "-O";
				VALIDATE_PRODUCT = YES;
			};
			name = Release;
		};
		523C61C626918E29009A4512 /* Debug */ = {
			isa = XCBuildConfiguration;
			buildSettings = {
				ASSETCATALOG_COMPILER_APPICON_NAME = AppIcon;
				ASSETCATALOG_COMPILER_GLOBAL_ACCENT_COLOR_NAME = AccentColor;
				CODE_SIGN_STYLE = Automatic;
				INFOPLIST_FILE = ImaGestures/Info.plist;
				LD_RUNPATH_SEARCH_PATHS = (
					"$(inherited)",
					"@executable_path/Frameworks",
				);
				PRODUCT_BUNDLE_IDENTIFIER = pp.practice.ImaGestures;
				PRODUCT_NAME = "$(TARGET_NAME)";
				SWIFT_VERSION = 5.0;
				TARGETED_DEVICE_FAMILY = "1,2";
			};
			name = Debug;
		};
		523C61C726918E29009A4512 /* Release */ = {
			isa = XCBuildConfiguration;
			buildSettings = {
				ASSETCATALOG_COMPILER_APPICON_NAME = AppIcon;
				ASSETCATALOG_COMPILER_GLOBAL_ACCENT_COLOR_NAME = AccentColor;
				CODE_SIGN_STYLE = Automatic;
				INFOPLIST_FILE = ImaGestures/Info.plist;
				LD_RUNPATH_SEARCH_PATHS = (
					"$(inherited)",
					"@executable_path/Frameworks",
				);
				PRODUCT_BUNDLE_IDENTIFIER = pp.practice.ImaGestures;
				PRODUCT_NAME = "$(TARGET_NAME)";
				SWIFT_VERSION = 5.0;
				TARGETED_DEVICE_FAMILY = "1,2";
			};
			name = Release;
		};
/* End XCBuildConfiguration section */

/* Begin XCConfigurationList section */
		523C61AC26918E20009A4512 /* Build configuration list for PBXProject "ImaGestures" */ = {
			isa = XCConfigurationList;
			buildConfigurations = (
				523C61C326918E29009A4512 /* Debug */,
				523C61C426918E29009A4512 /* Release */,
			);
			defaultConfigurationIsVisible = 0;
			defaultConfigurationName = Release;
		};
		523C61C526918E29009A4512 /* Build configuration list for PBXNativeTarget "ImaGestures" */ = {
			isa = XCConfigurationList;
			buildConfigurations = (
				523C61C626918E29009A4512 /* Debug */,
				523C61C726918E29009A4512 /* Release */,
			);
			defaultConfigurationIsVisible = 0;
			defaultConfigurationName = Release;
		};
/* End XCConfigurationList section */
	};
	rootObject = 523C61A926918E20009A4512 /* Project object */;
}
